// !$*UTF8*$!
{
	archiveVersion = 1;
	classes = {
	};
	objectVersion = 46;
	objects = {

/* Begin PBXBuildFile section */
		200313721C53992200DF14E8 /* UserInfoHeader.swift in Sources */ = {isa = PBXBuildFile; fileRef = 200313711C53992200DF14E8 /* UserInfoHeader.swift */; };
		200313741C53F37400DF14E8 /* UserMenu.swift in Sources */ = {isa = PBXBuildFile; fileRef = 200313731C53F37400DF14E8 /* UserMenu.swift */; };
		2003C7281C4EA41F00E207FA /* UserDetailViewController.swift in Sources */ = {isa = PBXBuildFile; fileRef = 2003C7271C4EA41F00E207FA /* UserDetailViewController.swift */; };
		2003C72A1C4EA96B00E207FA /* UserInfoModel.swift in Sources */ = {isa = PBXBuildFile; fileRef = 2003C7291C4EA96B00E207FA /* UserInfoModel.swift */; };
		2003C72C1C4EA9FC00E207FA /* UserDetailModel.swift in Sources */ = {isa = PBXBuildFile; fileRef = 2003C72B1C4EA9FC00E207FA /* UserDetailModel.swift */; };
		2017CE831C574ED1006A4001 /* SearchResultModel.swift in Sources */ = {isa = PBXBuildFile; fileRef = 2017CE821C574ED1006A4001 /* SearchResultModel.swift */; };
		2017CE881C577B80006A4001 /* SearchedUserCell.swift in Sources */ = {isa = PBXBuildFile; fileRef = 2017CE871C577B80006A4001 /* SearchedUserCell.swift */; };
		2032EE2E1C51213400646D8E /* StarModel.swift in Sources */ = {isa = PBXBuildFile; fileRef = 2032EE2D1C51213400646D8E /* StarModel.swift */; };
		2032EE301C51246D00646D8E /* UserDynamicModel.swift in Sources */ = {isa = PBXBuildFile; fileRef = 2032EE2F1C51246D00646D8E /* UserDynamicModel.swift */; };
		2032EE321C51257200646D8E /* TopAnswerModel.swift in Sources */ = {isa = PBXBuildFile; fileRef = 2032EE311C51257200646D8E /* TopAnswerModel.swift */; };
		2036DBB11C4B7E2300E1F8C6 /* SortOrderMenuController.swift in Sources */ = {isa = PBXBuildFile; fileRef = 2036DBB01C4B7E2300E1F8C6 /* SortOrderMenuController.swift */; };
		206638471C54B36C00AE3213 /* UserDynamicCell.swift in Sources */ = {isa = PBXBuildFile; fileRef = 206638461C54B36C00AE3213 /* UserDynamicCell.swift */; };
		206638491C54CF9400AE3213 /* TopAnswerCell.swift in Sources */ = {isa = PBXBuildFile; fileRef = 206638481C54CF9400AE3213 /* TopAnswerCell.swift */; };
		20678D8E1C469C0F00591A0B /* TopUserModel.swift in Sources */ = {isa = PBXBuildFile; fileRef = 20678D8D1C469C0F00591A0B /* TopUserModel.swift */; };
		20678D911C469EBE00591A0B /* TopUserCell.swift in Sources */ = {isa = PBXBuildFile; fileRef = 20678D901C469EBE00591A0B /* TopUserCell.swift */; };
		20678D931C472ACF00591A0B /* UserJSONModel.swift in Sources */ = {isa = PBXBuildFile; fileRef = 20678D921C472ACF00591A0B /* UserJSONModel.swift */; };
		20678D951C47B92600591A0B /* UserCell.swift in Sources */ = {isa = PBXBuildFile; fileRef = 20678D941C47B92600591A0B /* UserCell.swift */; };
		20762AEA1C2B7B4B0008A00D /* Util.swift in Sources */ = {isa = PBXBuildFile; fileRef = 20762AE91C2B7B4B0008A00D /* Util.swift */; };
		209C0CFA1C561ABE00FAC0ED /* SearchViewController.swift in Sources */ = {isa = PBXBuildFile; fileRef = 209C0CF91C561ABE00FAC0ED /* SearchViewController.swift */; };
		209C0CFC1C56224300FAC0ED /* SimpleRefreshControl.swift in Sources */ = {isa = PBXBuildFile; fileRef = 209C0CFB1C56224300FAC0ED /* SimpleRefreshControl.swift */; };
		20B0ED2A1C2A346800C3DDC5 /* HTTPManager.swift in Sources */ = {isa = PBXBuildFile; fileRef = 20B0ED291C2A346800C3DDC5 /* HTTPManager.swift */; };
		20B0ED2C1C2A350400C3DDC5 /* JSONModelMapper.swift in Sources */ = {isa = PBXBuildFile; fileRef = 20B0ED2B1C2A350400C3DDC5 /* JSONModelMapper.swift */; };
		20BCFCCB1C416C980006B4CD /* HomeCellModel.swift in Sources */ = {isa = PBXBuildFile; fileRef = 20BCFCCA1C416C980006B4CD /* HomeCellModel.swift */; };
		20BCFCCD1C416D470006B4CD /* HomeJSONModel.swift in Sources */ = {isa = PBXBuildFile; fileRef = 20BCFCCC1C416D470006B4CD /* HomeJSONModel.swift */; };
		20BCFCCF1C416F320006B4CD /* HomeCell.swift in Sources */ = {isa = PBXBuildFile; fileRef = 20BCFCCE1C416F320006B4CD /* HomeCell.swift */; };
		20BCFCD31C4173A60006B4CD /* ImageDownloadHelper.swift in Sources */ = {isa = PBXBuildFile; fileRef = 20BCFCD21C4173A60006B4CD /* ImageDownloadHelper.swift */; };
		20C3F5E21C43A174007B41E7 /* TopUserViewController.swift in Sources */ = {isa = PBXBuildFile; fileRef = 20C3F5E11C43A174007B41E7 /* TopUserViewController.swift */; };
		20C7948E1C420FE2005456A0 /* AnswerListViewController.swift in Sources */ = {isa = PBXBuildFile; fileRef = 20C7948D1C420FE2005456A0 /* AnswerListViewController.swift */; };
		20C794901C42103C005456A0 /* AnswerListModel.swift in Sources */ = {isa = PBXBuildFile; fileRef = 20C7948F1C42103C005456A0 /* AnswerListModel.swift */; };
		20C794921C42111F005456A0 /* AnswerModel.swift in Sources */ = {isa = PBXBuildFile; fileRef = 20C794911C42111F005456A0 /* AnswerModel.swift */; };
		20C794941C42264C005456A0 /* AnswerCell.swift in Sources */ = {isa = PBXBuildFile; fileRef = 20C794931C42264C005456A0 /* AnswerCell.swift */; };
		20C794981C425229005456A0 /* ArticleViewController.swift in Sources */ = {isa = PBXBuildFile; fileRef = 20C794971C425229005456A0 /* ArticleViewController.swift */; };
		20DA2A671C29962C00F4E46D /* AppDelegate.swift in Sources */ = {isa = PBXBuildFile; fileRef = 20DA2A661C29962C00F4E46D /* AppDelegate.swift */; };
		20DA2A6E1C29962C00F4E46D /* Assets.xcassets in Resources */ = {isa = PBXBuildFile; fileRef = 20DA2A6D1C29962C00F4E46D /* Assets.xcassets */; };
		20DA2A711C29962C00F4E46D /* LaunchScreen.storyboard in Resources */ = {isa = PBXBuildFile; fileRef = 20DA2A6F1C29962C00F4E46D /* LaunchScreen.storyboard */; };
		20DA2A7C1C29962D00F4E46D /* SelectionOfZhihuTests.swift in Sources */ = {isa = PBXBuildFile; fileRef = 20DA2A7B1C29962D00F4E46D /* SelectionOfZhihuTests.swift */; };
		20DA2A871C29962D00F4E46D /* SelectionOfZhihuUITests.swift in Sources */ = {isa = PBXBuildFile; fileRef = 20DA2A861C29962D00F4E46D /* SelectionOfZhihuUITests.swift */; };
		20DA2A981C29A34700F4E46D /* Constant.swift in Sources */ = {isa = PBXBuildFile; fileRef = 20DA2A971C29A34700F4E46D /* Constant.swift */; };
		20E1F7A51C4164410086F298 /* Main.storyboard in Resources */ = {isa = PBXBuildFile; fileRef = 20E1F7A41C4164410086F298 /* Main.storyboard */; };
		20E1F7A71C4165AA0086F298 /* HomeViewController.swift in Sources */ = {isa = PBXBuildFile; fileRef = 20E1F7A61C4165AA0086F298 /* HomeViewController.swift */; };
		20E7D4C21C4AC27500C082BB /* Protocol + Extension.swift in Sources */ = {isa = PBXBuildFile; fileRef = 20E7D4C11C4AC27500C082BB /* Protocol + Extension.swift */; };
/* End PBXBuildFile section */

/* Begin PBXContainerItemProxy section */
		20DA2A781C29962D00F4E46D /* PBXContainerItemProxy */ = {
			isa = PBXContainerItemProxy;
			containerPortal = 20DA2A5B1C29962C00F4E46D /* Project object */;
			proxyType = 1;
			remoteGlobalIDString = 20DA2A621C29962C00F4E46D;
			remoteInfo = SelectionOfZhihu;
		};
		20DA2A831C29962D00F4E46D /* PBXContainerItemProxy */ = {
			isa = PBXContainerItemProxy;
			containerPortal = 20DA2A5B1C29962C00F4E46D /* Project object */;
			proxyType = 1;
			remoteGlobalIDString = 20DA2A621C29962C00F4E46D;
			remoteInfo = SelectionOfZhihu;
		};
/* End PBXContainerItemProxy section */

/* Begin PBXFileReference section */
		200313711C53992200DF14E8 /* UserInfoHeader.swift */ = {isa = PBXFileReference; fileEncoding = 4; lastKnownFileType = sourcecode.swift; path = UserInfoHeader.swift; sourceTree = "<group>"; };
		200313731C53F37400DF14E8 /* UserMenu.swift */ = {isa = PBXFileReference; fileEncoding = 4; lastKnownFileType = sourcecode.swift; path = UserMenu.swift; sourceTree = "<group>"; };
		2003C7271C4EA41F00E207FA /* UserDetailViewController.swift */ = {isa = PBXFileReference; fileEncoding = 4; lastKnownFileType = sourcecode.swift; path = UserDetailViewController.swift; sourceTree = "<group>"; };
		2003C7291C4EA96B00E207FA /* UserInfoModel.swift */ = {isa = PBXFileReference; fileEncoding = 4; lastKnownFileType = sourcecode.swift; path = UserInfoModel.swift; sourceTree = "<group>"; };
		2003C72B1C4EA9FC00E207FA /* UserDetailModel.swift */ = {isa = PBXFileReference; fileEncoding = 4; lastKnownFileType = sourcecode.swift; path = UserDetailModel.swift; sourceTree = "<group>"; };
		2017CE821C574ED1006A4001 /* SearchResultModel.swift */ = {isa = PBXFileReference; fileEncoding = 4; lastKnownFileType = sourcecode.swift; path = SearchResultModel.swift; sourceTree = "<group>"; };
		2017CE871C577B80006A4001 /* SearchedUserCell.swift */ = {isa = PBXFileReference; fileEncoding = 4; lastKnownFileType = sourcecode.swift; path = SearchedUserCell.swift; sourceTree = "<group>"; };
		2032EE2D1C51213400646D8E /* StarModel.swift */ = {isa = PBXFileReference; fileEncoding = 4; lastKnownFileType = sourcecode.swift; path = StarModel.swift; sourceTree = "<group>"; };
		2032EE2F1C51246D00646D8E /* UserDynamicModel.swift */ = {isa = PBXFileReference; fileEncoding = 4; lastKnownFileType = sourcecode.swift; path = UserDynamicModel.swift; sourceTree = "<group>"; };
		2032EE311C51257200646D8E /* TopAnswerModel.swift */ = {isa = PBXFileReference; fileEncoding = 4; lastKnownFileType = sourcecode.swift; path = TopAnswerModel.swift; sourceTree = "<group>"; };
		2036DBB01C4B7E2300E1F8C6 /* SortOrderMenuController.swift */ = {isa = PBXFileReference; fileEncoding = 4; lastKnownFileType = sourcecode.swift; path = SortOrderMenuController.swift; sourceTree = "<group>"; };
		206638461C54B36C00AE3213 /* UserDynamicCell.swift */ = {isa = PBXFileReference; fileEncoding = 4; lastKnownFileType = sourcecode.swift; path = UserDynamicCell.swift; sourceTree = "<group>"; };
		206638481C54CF9400AE3213 /* TopAnswerCell.swift */ = {isa = PBXFileReference; fileEncoding = 4; lastKnownFileType = sourcecode.swift; path = TopAnswerCell.swift; sourceTree = "<group>"; };
		20678D8D1C469C0F00591A0B /* TopUserModel.swift */ = {isa = PBXFileReference; fileEncoding = 4; lastKnownFileType = sourcecode.swift; path = TopUserModel.swift; sourceTree = "<group>"; };
		20678D901C469EBE00591A0B /* TopUserCell.swift */ = {isa = PBXFileReference; fileEncoding = 4; lastKnownFileType = sourcecode.swift; path = TopUserCell.swift; sourceTree = "<group>"; };
		20678D921C472ACF00591A0B /* UserJSONModel.swift */ = {isa = PBXFileReference; fileEncoding = 4; lastKnownFileType = sourcecode.swift; path = UserJSONModel.swift; sourceTree = "<group>"; };
		20678D941C47B92600591A0B /* UserCell.swift */ = {isa = PBXFileReference; fileEncoding = 4; lastKnownFileType = sourcecode.swift; path = UserCell.swift; sourceTree = "<group>"; };
		20762AE91C2B7B4B0008A00D /* Util.swift */ = {isa = PBXFileReference; fileEncoding = 4; lastKnownFileType = sourcecode.swift; path = Util.swift; sourceTree = "<group>"; };
		209C0CF91C561ABE00FAC0ED /* SearchViewController.swift */ = {isa = PBXFileReference; fileEncoding = 4; lastKnownFileType = sourcecode.swift; path = SearchViewController.swift; sourceTree = "<group>"; };
		209C0CFB1C56224300FAC0ED /* SimpleRefreshControl.swift */ = {isa = PBXFileReference; fileEncoding = 4; lastKnownFileType = sourcecode.swift; path = SimpleRefreshControl.swift; sourceTree = "<group>"; };
		20B0ED291C2A346800C3DDC5 /* HTTPManager.swift */ = {isa = PBXFileReference; fileEncoding = 4; lastKnownFileType = sourcecode.swift; path = HTTPManager.swift; sourceTree = "<group>"; };
		20B0ED2B1C2A350400C3DDC5 /* JSONModelMapper.swift */ = {isa = PBXFileReference; fileEncoding = 4; lastKnownFileType = sourcecode.swift; path = JSONModelMapper.swift; sourceTree = "<group>"; };
		20BCFCCA1C416C980006B4CD /* HomeCellModel.swift */ = {isa = PBXFileReference; fileEncoding = 4; lastKnownFileType = sourcecode.swift; path = HomeCellModel.swift; sourceTree = "<group>"; };
		20BCFCCC1C416D470006B4CD /* HomeJSONModel.swift */ = {isa = PBXFileReference; fileEncoding = 4; lastKnownFileType = sourcecode.swift; path = HomeJSONModel.swift; sourceTree = "<group>"; };
		20BCFCCE1C416F320006B4CD /* HomeCell.swift */ = {isa = PBXFileReference; fileEncoding = 4; lastKnownFileType = sourcecode.swift; path = HomeCell.swift; sourceTree = "<group>"; };
		20BCFCD21C4173A60006B4CD /* ImageDownloadHelper.swift */ = {isa = PBXFileReference; fileEncoding = 4; lastKnownFileType = sourcecode.swift; path = ImageDownloadHelper.swift; sourceTree = "<group>"; };
		20C3F5E11C43A174007B41E7 /* TopUserViewController.swift */ = {isa = PBXFileReference; fileEncoding = 4; lastKnownFileType = sourcecode.swift; path = TopUserViewController.swift; sourceTree = "<group>"; };
		20C7948D1C420FE2005456A0 /* AnswerListViewController.swift */ = {isa = PBXFileReference; fileEncoding = 4; lastKnownFileType = sourcecode.swift; path = AnswerListViewController.swift; sourceTree = "<group>"; };
		20C7948F1C42103C005456A0 /* AnswerListModel.swift */ = {isa = PBXFileReference; fileEncoding = 4; lastKnownFileType = sourcecode.swift; path = AnswerListModel.swift; sourceTree = "<group>"; };
		20C794911C42111F005456A0 /* AnswerModel.swift */ = {isa = PBXFileReference; fileEncoding = 4; lastKnownFileType = sourcecode.swift; path = AnswerModel.swift; sourceTree = "<group>"; };
		20C794931C42264C005456A0 /* AnswerCell.swift */ = {isa = PBXFileReference; fileEncoding = 4; lastKnownFileType = sourcecode.swift; path = AnswerCell.swift; sourceTree = "<group>"; };
		20C794971C425229005456A0 /* ArticleViewController.swift */ = {isa = PBXFileReference; fileEncoding = 4; lastKnownFileType = sourcecode.swift; path = ArticleViewController.swift; sourceTree = "<group>"; };
		20DA2A631C29962C00F4E46D /* SelectionOfZhihu.app */ = {isa = PBXFileReference; explicitFileType = wrapper.application; includeInIndex = 0; path = SelectionOfZhihu.app; sourceTree = BUILT_PRODUCTS_DIR; };
		20DA2A661C29962C00F4E46D /* AppDelegate.swift */ = {isa = PBXFileReference; lastKnownFileType = sourcecode.swift; path = AppDelegate.swift; sourceTree = "<group>"; };
		20DA2A6D1C29962C00F4E46D /* Assets.xcassets */ = {isa = PBXFileReference; lastKnownFileType = folder.assetcatalog; path = Assets.xcassets; sourceTree = "<group>"; };
		20DA2A701C29962C00F4E46D /* Base */ = {isa = PBXFileReference; lastKnownFileType = file.storyboard; name = Base; path = Base.lproj/LaunchScreen.storyboard; sourceTree = "<group>"; };
		20DA2A721C29962C00F4E46D /* Info.plist */ = {isa = PBXFileReference; lastKnownFileType = text.plist.xml; path = Info.plist; sourceTree = "<group>"; };
		20DA2A771C29962D00F4E46D /* SelectionOfZhihuTests.xctest */ = {isa = PBXFileReference; explicitFileType = wrapper.cfbundle; includeInIndex = 0; path = SelectionOfZhihuTests.xctest; sourceTree = BUILT_PRODUCTS_DIR; };
		20DA2A7B1C29962D00F4E46D /* SelectionOfZhihuTests.swift */ = {isa = PBXFileReference; lastKnownFileType = sourcecode.swift; path = SelectionOfZhihuTests.swift; sourceTree = "<group>"; };
		20DA2A7D1C29962D00F4E46D /* Info.plist */ = {isa = PBXFileReference; lastKnownFileType = text.plist.xml; path = Info.plist; sourceTree = "<group>"; };
		20DA2A821C29962D00F4E46D /* SelectionOfZhihuUITests.xctest */ = {isa = PBXFileReference; explicitFileType = wrapper.cfbundle; includeInIndex = 0; path = SelectionOfZhihuUITests.xctest; sourceTree = BUILT_PRODUCTS_DIR; };
		20DA2A861C29962D00F4E46D /* SelectionOfZhihuUITests.swift */ = {isa = PBXFileReference; lastKnownFileType = sourcecode.swift; path = SelectionOfZhihuUITests.swift; sourceTree = "<group>"; };
		20DA2A881C29962D00F4E46D /* Info.plist */ = {isa = PBXFileReference; lastKnownFileType = text.plist.xml; path = Info.plist; sourceTree = "<group>"; };
		20DA2A971C29A34700F4E46D /* Constant.swift */ = {isa = PBXFileReference; fileEncoding = 4; lastKnownFileType = sourcecode.swift; path = Constant.swift; sourceTree = "<group>"; };
		20E1F7A41C4164410086F298 /* Main.storyboard */ = {isa = PBXFileReference; fileEncoding = 4; lastKnownFileType = file.storyboard; path = Main.storyboard; sourceTree = "<group>"; };
		20E1F7A61C4165AA0086F298 /* HomeViewController.swift */ = {isa = PBXFileReference; fileEncoding = 4; lastKnownFileType = sourcecode.swift; path = HomeViewController.swift; sourceTree = "<group>"; };
		20E7D4C11C4AC27500C082BB /* Protocol + Extension.swift */ = {isa = PBXFileReference; fileEncoding = 4; lastKnownFileType = sourcecode.swift; path = "Protocol + Extension.swift"; sourceTree = "<group>"; };
/* End PBXFileReference section */

/* Begin PBXFrameworksBuildPhase section */
		20DA2A601C29962C00F4E46D /* Frameworks */ = {
			isa = PBXFrameworksBuildPhase;
			buildActionMask = 2147483647;
			files = (
			);
			runOnlyForDeploymentPostprocessing = 0;
		};
		20DA2A741C29962D00F4E46D /* Frameworks */ = {
			isa = PBXFrameworksBuildPhase;
			buildActionMask = 2147483647;
			files = (
			);
			runOnlyForDeploymentPostprocessing = 0;
		};
		20DA2A7F1C29962D00F4E46D /* Frameworks */ = {
			isa = PBXFrameworksBuildPhase;
			buildActionMask = 2147483647;
			files = (
			);
			runOnlyForDeploymentPostprocessing = 0;
		};
/* End PBXFrameworksBuildPhase section */

/* Begin PBXGroup section */
		20678D8B1C469B9400591A0B /* Controller */ = {
			isa = PBXGroup;
			children = (
				20C3F5E11C43A174007B41E7 /* TopUserViewController.swift */,
				2036DBB01C4B7E2300E1F8C6 /* SortOrderMenuController.swift */,
				2003C7271C4EA41F00E207FA /* UserDetailViewController.swift */,
				209C0CF91C561ABE00FAC0ED /* SearchViewController.swift */,
			);
			name = Controller;
			sourceTree = "<group>";
		};
		20678D8C1C469BD800591A0B /* Model */ = {
			isa = PBXGroup;
			children = (
				20678D8D1C469C0F00591A0B /* TopUserModel.swift */,
				20678D921C472ACF00591A0B /* UserJSONModel.swift */,
				2003C7291C4EA96B00E207FA /* UserInfoModel.swift */,
				2003C72B1C4EA9FC00E207FA /* UserDetailModel.swift */,
				2032EE2D1C51213400646D8E /* StarModel.swift */,
				2032EE2F1C51246D00646D8E /* UserDynamicModel.swift */,
				2032EE311C51257200646D8E /* TopAnswerModel.swift */,
				2017CE821C574ED1006A4001 /* SearchResultModel.swift */,
			);
			name = Model;
			sourceTree = "<group>";
		};
		20678D8F1C469EB100591A0B /* ViewModel */ = {
			isa = PBXGroup;
			children = (
				20678D901C469EBE00591A0B /* TopUserCell.swift */,
				20678D941C47B92600591A0B /* UserCell.swift */,
				200313711C53992200DF14E8 /* UserInfoHeader.swift */,
				200313731C53F37400DF14E8 /* UserMenu.swift */,
				206638461C54B36C00AE3213 /* UserDynamicCell.swift */,
				206638481C54CF9400AE3213 /* TopAnswerCell.swift */,
				2017CE871C577B80006A4001 /* SearchedUserCell.swift */,
			);
			name = ViewModel;
			sourceTree = "<group>";
		};
		20B0ED221C2A32DD00C3DDC5 /* Controller */ = {
			isa = PBXGroup;
			children = (
				20E1F7A61C4165AA0086F298 /* HomeViewController.swift */,
				20C7948D1C420FE2005456A0 /* AnswerListViewController.swift */,
				20C794971C425229005456A0 /* ArticleViewController.swift */,
			);
			name = Controller;
			sourceTree = "<group>";
		};
		20B0ED241C2A32F000C3DDC5 /* Model */ = {
			isa = PBXGroup;
			children = (
				20BCFCCA1C416C980006B4CD /* HomeCellModel.swift */,
				20BCFCCC1C416D470006B4CD /* HomeJSONModel.swift */,
				20C7948F1C42103C005456A0 /* AnswerListModel.swift */,
				20C794911C42111F005456A0 /* AnswerModel.swift */,
			);
			name = Model;
			sourceTree = "<group>";
		};
		20B0ED261C2A337000C3DDC5 /* AppDelegate */ = {
			isa = PBXGroup;
			children = (
				20DA2A661C29962C00F4E46D /* AppDelegate.swift */,
			);
			name = AppDelegate;
			sourceTree = "<group>";
		};
		20B0ED271C2A33B000C3DDC5 /* Global */ = {
			isa = PBXGroup;
			children = (
				20DA2A971C29A34700F4E46D /* Constant.swift */,
				20B0ED291C2A346800C3DDC5 /* HTTPManager.swift */,
				20B0ED2B1C2A350400C3DDC5 /* JSONModelMapper.swift */,
				20762AE91C2B7B4B0008A00D /* Util.swift */,
				20BCFCD21C4173A60006B4CD /* ImageDownloadHelper.swift */,
				20E7D4C11C4AC27500C082BB /* Protocol + Extension.swift */,
				209C0CFB1C56224300FAC0ED /* SimpleRefreshControl.swift */,
			);
			name = Global;
			sourceTree = "<group>";
		};
		20B0ED2D1C2A354C00C3DDC5 /* Framework */ = {
			isa = PBXGroup;
			children = (
			);
			name = Framework;
			path = SelectionOfZhihu;
			sourceTree = "<group>";
		};
		20C3F5E01C43A0CF007B41E7 /* TopUsers */ = {
			isa = PBXGroup;
			children = (
				20678D8B1C469B9400591A0B /* Controller */,
				20678D8F1C469EB100591A0B /* ViewModel */,
				20678D8C1C469BD800591A0B /* Model */,
			);
			name = TopUsers;
			sourceTree = "<group>";
		};
		20DA2A5A1C29962C00F4E46D = {
			isa = PBXGroup;
			children = (
				20DA2A651C29962C00F4E46D /* SelectionOfZhihu */,
				20E1F7A01C4163B60086F298 /* Support */,
				20B0ED2D1C2A354C00C3DDC5 /* Framework */,
				20DA2A7A1C29962D00F4E46D /* SelectionOfZhihuTests */,
				20DA2A851C29962D00F4E46D /* SelectionOfZhihuUITests */,
				20DA2A641C29962C00F4E46D /* Products */,
			);
			sourceTree = "<group>";
		};
		20DA2A641C29962C00F4E46D /* Products */ = {
			isa = PBXGroup;
			children = (
				20DA2A631C29962C00F4E46D /* SelectionOfZhihu.app */,
				20DA2A771C29962D00F4E46D /* SelectionOfZhihuTests.xctest */,
				20DA2A821C29962D00F4E46D /* SelectionOfZhihuUITests.xctest */,
			);
			name = Products;
			sourceTree = "<group>";
		};
		20DA2A651C29962C00F4E46D /* SelectionOfZhihu */ = {
			isa = PBXGroup;
			children = (
				20E1F7A11C4163DE0086F298 /* Home */,
				20C3F5E01C43A0CF007B41E7 /* TopUsers */,
				20E1F7A21C4164010086F298 /* Storyboard */,
				20B0ED261C2A337000C3DDC5 /* AppDelegate */,
				20B0ED271C2A33B000C3DDC5 /* Global */,
			);
			path = SelectionOfZhihu;
			sourceTree = "<group>";
		};
		20DA2A7A1C29962D00F4E46D /* SelectionOfZhihuTests */ = {
			isa = PBXGroup;
			children = (
				20DA2A7B1C29962D00F4E46D /* SelectionOfZhihuTests.swift */,
				20DA2A7D1C29962D00F4E46D /* Info.plist */,
			);
			path = SelectionOfZhihuTests;
			sourceTree = "<group>";
		};
		20DA2A851C29962D00F4E46D /* SelectionOfZhihuUITests */ = {
			isa = PBXGroup;
			children = (
				20DA2A861C29962D00F4E46D /* SelectionOfZhihuUITests.swift */,
				20DA2A881C29962D00F4E46D /* Info.plist */,
			);
			path = SelectionOfZhihuUITests;
			sourceTree = "<group>";
		};
		20E1F7A01C4163B60086F298 /* Support */ = {
			isa = PBXGroup;
			children = (
				20DA2A721C29962C00F4E46D /* Info.plist */,
				20DA2A6D1C29962C00F4E46D /* Assets.xcassets */,
			);
			name = Support;
			path = SelectionOfZhihu;
			sourceTree = "<group>";
		};
		20E1F7A11C4163DE0086F298 /* Home */ = {
			isa = PBXGroup;
			children = (
				20B0ED221C2A32DD00C3DDC5 /* Controller */,
				20E1F7A31C41641A0086F298 /* ViewModel */,
				20B0ED241C2A32F000C3DDC5 /* Model */,
			);
			name = Home;
			sourceTree = "<group>";
		};
		20E1F7A21C4164010086F298 /* Storyboard */ = {
			isa = PBXGroup;
			children = (
				20E1F7A41C4164410086F298 /* Main.storyboard */,
				20DA2A6F1C29962C00F4E46D /* LaunchScreen.storyboard */,
			);
			name = Storyboard;
			sourceTree = "<group>";
		};
		20E1F7A31C41641A0086F298 /* ViewModel */ = {
			isa = PBXGroup;
			children = (
				20BCFCCE1C416F320006B4CD /* HomeCell.swift */,
				20C794931C42264C005456A0 /* AnswerCell.swift */,
			);
			name = ViewModel;
			sourceTree = "<group>";
		};
/* End PBXGroup section */

/* Begin PBXNativeTarget section */
		20DA2A621C29962C00F4E46D /* SelectionOfZhihu */ = {
			isa = PBXNativeTarget;
			buildConfigurationList = 20DA2A8B1C29962D00F4E46D /* Build configuration list for PBXNativeTarget "SelectionOfZhihu" */;
			buildPhases = (
				20DA2A5F1C29962C00F4E46D /* Sources */,
				20DA2A601C29962C00F4E46D /* Frameworks */,
				20DA2A611C29962C00F4E46D /* Resources */,
			);
			buildRules = (
			);
			dependencies = (
			);
			name = SelectionOfZhihu;
			productName = SelectionOfZhihu;
			productReference = 20DA2A631C29962C00F4E46D /* SelectionOfZhihu.app */;
			productType = "com.apple.product-type.application";
		};
		20DA2A761C29962D00F4E46D /* SelectionOfZhihuTests */ = {
			isa = PBXNativeTarget;
			buildConfigurationList = 20DA2A8E1C29962D00F4E46D /* Build configuration list for PBXNativeTarget "SelectionOfZhihuTests" */;
			buildPhases = (
				20DA2A731C29962D00F4E46D /* Sources */,
				20DA2A741C29962D00F4E46D /* Frameworks */,
				20DA2A751C29962D00F4E46D /* Resources */,
			);
			buildRules = (
			);
			dependencies = (
				20DA2A791C29962D00F4E46D /* PBXTargetDependency */,
			);
			name = SelectionOfZhihuTests;
			productName = SelectionOfZhihuTests;
			productReference = 20DA2A771C29962D00F4E46D /* SelectionOfZhihuTests.xctest */;
			productType = "com.apple.product-type.bundle.unit-test";
		};
		20DA2A811C29962D00F4E46D /* SelectionOfZhihuUITests */ = {
			isa = PBXNativeTarget;
			buildConfigurationList = 20DA2A911C29962D00F4E46D /* Build configuration list for PBXNativeTarget "SelectionOfZhihuUITests" */;
			buildPhases = (
				20DA2A7E1C29962D00F4E46D /* Sources */,
				20DA2A7F1C29962D00F4E46D /* Frameworks */,
				20DA2A801C29962D00F4E46D /* Resources */,
			);
			buildRules = (
			);
			dependencies = (
				20DA2A841C29962D00F4E46D /* PBXTargetDependency */,
			);
			name = SelectionOfZhihuUITests;
			productName = SelectionOfZhihuUITests;
			productReference = 20DA2A821C29962D00F4E46D /* SelectionOfZhihuUITests.xctest */;
			productType = "com.apple.product-type.bundle.ui-testing";
		};
/* End PBXNativeTarget section */

/* Begin PBXProject section */
		20DA2A5B1C29962C00F4E46D /* Project object */ = {
			isa = PBXProject;
			attributes = {
				LastSwiftUpdateCheck = 0720;
				LastUpgradeCheck = 0720;
				ORGANIZATIONNAME = Sheepy;
				TargetAttributes = {
					20DA2A621C29962C00F4E46D = {
						CreatedOnToolsVersion = 7.2;
					};
					20DA2A761C29962D00F4E46D = {
						CreatedOnToolsVersion = 7.2;
						TestTargetID = 20DA2A621C29962C00F4E46D;
					};
					20DA2A811C29962D00F4E46D = {
						CreatedOnToolsVersion = 7.2;
						TestTargetID = 20DA2A621C29962C00F4E46D;
					};
				};
			};
			buildConfigurationList = 20DA2A5E1C29962C00F4E46D /* Build configuration list for PBXProject "SelectionOfZhihu" */;
			compatibilityVersion = "Xcode 3.2";
			developmentRegion = English;
			hasScannedForEncodings = 0;
			knownRegions = (
				en,
				Base,
			);
			mainGroup = 20DA2A5A1C29962C00F4E46D;
			productRefGroup = 20DA2A641C29962C00F4E46D /* Products */;
			projectDirPath = "";
			projectRoot = "";
			targets = (
				20DA2A621C29962C00F4E46D /* SelectionOfZhihu */,
				20DA2A761C29962D00F4E46D /* SelectionOfZhihuTests */,
				20DA2A811C29962D00F4E46D /* SelectionOfZhihuUITests */,
			);
		};
/* End PBXProject section */

/* Begin PBXResourcesBuildPhase section */
		20DA2A611C29962C00F4E46D /* Resources */ = {
			isa = PBXResourcesBuildPhase;
			buildActionMask = 2147483647;
			files = (
				20E1F7A51C4164410086F298 /* Main.storyboard in Resources */,
				20DA2A711C29962C00F4E46D /* LaunchScreen.storyboard in Resources */,
				20DA2A6E1C29962C00F4E46D /* Assets.xcassets in Resources */,
			);
			runOnlyForDeploymentPostprocessing = 0;
		};
		20DA2A751C29962D00F4E46D /* Resources */ = {
			isa = PBXResourcesBuildPhase;
			buildActionMask = 2147483647;
			files = (
			);
			runOnlyForDeploymentPostprocessing = 0;
		};
		20DA2A801C29962D00F4E46D /* Resources */ = {
			isa = PBXResourcesBuildPhase;
			buildActionMask = 2147483647;
			files = (
			);
			runOnlyForDeploymentPostprocessing = 0;
		};
/* End PBXResourcesBuildPhase section */

/* Begin PBXSourcesBuildPhase section */
		20DA2A5F1C29962C00F4E46D /* Sources */ = {
			isa = PBXSourcesBuildPhase;
			buildActionMask = 2147483647;
			files = (
				20DA2A671C29962C00F4E46D /* AppDelegate.swift in Sources */,
				209C0CFC1C56224300FAC0ED /* SimpleRefreshControl.swift in Sources */,
				20C794921C42111F005456A0 /* AnswerModel.swift in Sources */,
				2003C7281C4EA41F00E207FA /* UserDetailViewController.swift in Sources */,
				206638491C54CF9400AE3213 /* TopAnswerCell.swift in Sources */,
				2032EE301C51246D00646D8E /* UserDynamicModel.swift in Sources */,
				20C794901C42103C005456A0 /* AnswerListModel.swift in Sources */,
				20762AEA1C2B7B4B0008A00D /* Util.swift in Sources */,
				200313741C53F37400DF14E8 /* UserMenu.swift in Sources */,
				20BCFCCD1C416D470006B4CD /* HomeJSONModel.swift in Sources */,
				20BCFCD31C4173A60006B4CD /* ImageDownloadHelper.swift in Sources */,
				2003C72C1C4EA9FC00E207FA /* UserDetailModel.swift in Sources */,
				20B0ED2C1C2A350400C3DDC5 /* JSONModelMapper.swift in Sources */,
				2032EE2E1C51213400646D8E /* StarModel.swift in Sources */,
				20C3F5E21C43A174007B41E7 /* TopUserViewController.swift in Sources */,
				200313721C53992200DF14E8 /* UserInfoHeader.swift in Sources */,
				20678D951C47B92600591A0B /* UserCell.swift in Sources */,
				20678D8E1C469C0F00591A0B /* TopUserModel.swift in Sources */,
				20C794981C425229005456A0 /* ArticleViewController.swift in Sources */,
				20C7948E1C420FE2005456A0 /* AnswerListViewController.swift in Sources */,
				2003C72A1C4EA96B00E207FA /* UserInfoModel.swift in Sources */,
				209C0CFA1C561ABE00FAC0ED /* SearchViewController.swift in Sources */,
				20DA2A981C29A34700F4E46D /* Constant.swift in Sources */,
				206638471C54B36C00AE3213 /* UserDynamicCell.swift in Sources */,
				20678D911C469EBE00591A0B /* TopUserCell.swift in Sources */,
				20BCFCCB1C416C980006B4CD /* HomeCellModel.swift in Sources */,
				20678D931C472ACF00591A0B /* UserJSONModel.swift in Sources */,
				20B0ED2A1C2A346800C3DDC5 /* HTTPManager.swift in Sources */,
				20E7D4C21C4AC27500C082BB /* Protocol + Extension.swift in Sources */,
				20C794941C42264C005456A0 /* AnswerCell.swift in Sources */,
				2017CE831C574ED1006A4001 /* SearchResultModel.swift in Sources */,
				2017CE881C577B80006A4001 /* SearchedUserCell.swift in Sources */,
				2036DBB11C4B7E2300E1F8C6 /* SortOrderMenuController.swift in Sources */,
				20BCFCCF1C416F320006B4CD /* HomeCell.swift in Sources */,
				2032EE321C51257200646D8E /* TopAnswerModel.swift in Sources */,
				20E1F7A71C4165AA0086F298 /* HomeViewController.swift in Sources */,
			);
			runOnlyForDeploymentPostprocessing = 0;
		};
		20DA2A731C29962D00F4E46D /* Sources */ = {
			isa = PBXSourcesBuildPhase;
			buildActionMask = 2147483647;
			files = (
				20DA2A7C1C29962D00F4E46D /* SelectionOfZhihuTests.swift in Sources */,
			);
			runOnlyForDeploymentPostprocessing = 0;
		};
		20DA2A7E1C29962D00F4E46D /* Sources */ = {
			isa = PBXSourcesBuildPhase;
			buildActionMask = 2147483647;
			files = (
				20DA2A871C29962D00F4E46D /* SelectionOfZhihuUITests.swift in Sources */,
			);
			runOnlyForDeploymentPostprocessing = 0;
		};
/* End PBXSourcesBuildPhase section */

/* Begin PBXTargetDependency section */
		20DA2A791C29962D00F4E46D /* PBXTargetDependency */ = {
			isa = PBXTargetDependency;
			target = 20DA2A621C29962C00F4E46D /* SelectionOfZhihu */;
			targetProxy = 20DA2A781C29962D00F4E46D /* PBXContainerItemProxy */;
		};
		20DA2A841C29962D00F4E46D /* PBXTargetDependency */ = {
			isa = PBXTargetDependency;
			target = 20DA2A621C29962C00F4E46D /* SelectionOfZhihu */;
			targetProxy = 20DA2A831C29962D00F4E46D /* PBXContainerItemProxy */;
		};
/* End PBXTargetDependency section */

/* Begin PBXVariantGroup section */
		20DA2A6F1C29962C00F4E46D /* LaunchScreen.storyboard */ = {
			isa = PBXVariantGroup;
			children = (
				20DA2A701C29962C00F4E46D /* Base */,
			);
			name = LaunchScreen.storyboard;
			sourceTree = "<group>";
		};
/* End PBXVariantGroup section */

/* Begin XCBuildConfiguration section */
		20DA2A891C29962D00F4E46D /* Debug */ = {
			isa = XCBuildConfiguration;
			buildSettings = {
				ALWAYS_SEARCH_USER_PATHS = NO;
				CLANG_CXX_LANGUAGE_STANDARD = "gnu++0x";
				CLANG_CXX_LIBRARY = "libc++";
				CLANG_ENABLE_MODULES = YES;
				CLANG_ENABLE_OBJC_ARC = YES;
				CLANG_WARN_BOOL_CONVERSION = YES;
				CLANG_WARN_CONSTANT_CONVERSION = YES;
				CLANG_WARN_DIRECT_OBJC_ISA_USAGE = YES_ERROR;
				CLANG_WARN_EMPTY_BODY = YES;
				CLANG_WARN_ENUM_CONVERSION = YES;
				CLANG_WARN_INT_CONVERSION = YES;
				CLANG_WARN_OBJC_ROOT_CLASS = YES_ERROR;
				CLANG_WARN_UNREACHABLE_CODE = YES;
				CLANG_WARN__DUPLICATE_METHOD_MATCH = YES;
				"CODE_SIGN_IDENTITY[sdk=iphoneos*]" = "iPhone Developer";
				COPY_PHASE_STRIP = NO;
				DEBUG_INFORMATION_FORMAT = dwarf;
				ENABLE_STRICT_OBJC_MSGSEND = YES;
				ENABLE_TESTABILITY = YES;
				GCC_C_LANGUAGE_STANDARD = gnu99;
				GCC_DYNAMIC_NO_PIC = NO;
				GCC_NO_COMMON_BLOCKS = YES;
				GCC_OPTIMIZATION_LEVEL = 0;
				GCC_PREPROCESSOR_DEFINITIONS = (
					"DEBUG=1",
					"$(inherited)",
				);
				GCC_WARN_64_TO_32_BIT_CONVERSION = YES;
				GCC_WARN_ABOUT_RETURN_TYPE = YES_ERROR;
				GCC_WARN_UNDECLARED_SELECTOR = YES;
				GCC_WARN_UNINITIALIZED_AUTOS = YES_AGGRESSIVE;
				GCC_WARN_UNUSED_FUNCTION = YES;
				GCC_WARN_UNUSED_VARIABLE = YES;
				IPHONEOS_DEPLOYMENT_TARGET = 9.2;
				MTL_ENABLE_DEBUG_INFO = YES;
				ONLY_ACTIVE_ARCH = YES;
				SDKROOT = iphoneos;
				SWIFT_OPTIMIZATION_LEVEL = "-Onone";
				TARGETED_DEVICE_FAMILY = "1,2";
			};
			name = Debug;
		};
		20DA2A8A1C29962D00F4E46D /* Release */ = {
			isa = XCBuildConfiguration;
			buildSettings = {
				ALWAYS_SEARCH_USER_PATHS = NO;
				CLANG_CXX_LANGUAGE_STANDARD = "gnu++0x";
				CLANG_CXX_LIBRARY = "libc++";
				CLANG_ENABLE_MODULES = YES;
				CLANG_ENABLE_OBJC_ARC = YES;
				CLANG_WARN_BOOL_CONVERSION = YES;
				CLANG_WARN_CONSTANT_CONVERSION = YES;
				CLANG_WARN_DIRECT_OBJC_ISA_USAGE = YES_ERROR;
				CLANG_WARN_EMPTY_BODY = YES;
				CLANG_WARN_ENUM_CONVERSION = YES;
				CLANG_WARN_INT_CONVERSION = YES;
				CLANG_WARN_OBJC_ROOT_CLASS = YES_ERROR;
				CLANG_WARN_UNREACHABLE_CODE = YES;
				CLANG_WARN__DUPLICATE_METHOD_MATCH = YES;
				"CODE_SIGN_IDENTITY[sdk=iphoneos*]" = "iPhone Developer";
				COPY_PHASE_STRIP = NO;
				DEBUG_INFORMATION_FORMAT = "dwarf-with-dsym";
				ENABLE_NS_ASSERTIONS = NO;
				ENABLE_STRICT_OBJC_MSGSEND = YES;
				GCC_C_LANGUAGE_STANDARD = gnu99;
				GCC_NO_COMMON_BLOCKS = YES;
				GCC_WARN_64_TO_32_BIT_CONVERSION = YES;
				GCC_WARN_ABOUT_RETURN_TYPE = YES_ERROR;
				GCC_WARN_UNDECLARED_SELECTOR = YES;
				GCC_WARN_UNINITIALIZED_AUTOS = YES_AGGRESSIVE;
				GCC_WARN_UNUSED_FUNCTION = YES;
				GCC_WARN_UNUSED_VARIABLE = YES;
				IPHONEOS_DEPLOYMENT_TARGET = 9.2;
				MTL_ENABLE_DEBUG_INFO = NO;
				SDKROOT = iphoneos;
				TARGETED_DEVICE_FAMILY = "1,2";
				VALIDATE_PRODUCT = YES;
			};
			name = Release;
		};
		20DA2A8C1C29962D00F4E46D /* Debug */ = {
			isa = XCBuildConfiguration;
			buildSettings = {
				ASSETCATALOG_COMPILER_APPICON_NAME = AppIcon;
				CODE_SIGN_IDENTITY = "iPhone Developer";
				"CODE_SIGN_IDENTITY[sdk=iphoneos*]" = "iPhone Developer";
				DEPLOYMENT_LOCATION = NO;
				INFOPLIST_FILE = SelectionOfZhihu/Info.plist;
				IPHONEOS_DEPLOYMENT_TARGET = 8.0;
				LD_RUNPATH_SEARCH_PATHS = "$(inherited) @executable_path/Frameworks";
				PRODUCT_BUNDLE_IDENTIFIER = com.sheepy.SelectionOfZhihu;
				PRODUCT_NAME = "$(TARGET_NAME)";
			};
			name = Debug;
		};
		20DA2A8D1C29962D00F4E46D /* Release */ = {
			isa = XCBuildConfiguration;
			buildSettings = {
				ASSETCATALOG_COMPILER_APPICON_NAME = AppIcon;
				CODE_SIGN_IDENTITY = "iPhone Developer";
				DEPLOYMENT_LOCATION = NO;
				INFOPLIST_FILE = SelectionOfZhihu/Info.plist;
				IPHONEOS_DEPLOYMENT_TARGET = 8.0;
				LD_RUNPATH_SEARCH_PATHS = "$(inherited) @executable_path/Frameworks";
				PRODUCT_BUNDLE_IDENTIFIER = com.sheepy.SelectionOfZhihu;
				PRODUCT_NAME = "$(TARGET_NAME)";
			};
			name = Release;
		};
		20DA2A8F1C29962D00F4E46D /* Debug */ = {
			isa = XCBuildConfiguration;
			buildSettings = {
				BUNDLE_LOADER = "$(TEST_HOST)";
				INFOPLIST_FILE = SelectionOfZhihuTests/Info.plist;
				LD_RUNPATH_SEARCH_PATHS = "$(inherited) @executable_path/Frameworks @loader_path/Frameworks";
				PRODUCT_BUNDLE_IDENTIFIER = com.sheepy.SelectionOfZhihuTests;
				PRODUCT_NAME = "$(TARGET_NAME)";
				TEST_HOST = "$(BUILT_PRODUCTS_DIR)/SelectionOfZhihu.app/SelectionOfZhihu";
			};
			name = Debug;
		};
		20DA2A901C29962D00F4E46D /* Release */ = {
			isa = XCBuildConfiguration;
			buildSettings = {
				BUNDLE_LOADER = "$(TEST_HOST)";
				INFOPLIST_FILE = SelectionOfZhihuTests/Info.plist;
				LD_RUNPATH_SEARCH_PATHS = "$(inherited) @executable_path/Frameworks @loader_path/Frameworks";
				PRODUCT_BUNDLE_IDENTIFIER = com.sheepy.SelectionOfZhihuTests;
				PRODUCT_NAME = "$(TARGET_NAME)";
				TEST_HOST = "$(BUILT_PRODUCTS_DIR)/SelectionOfZhihu.app/SelectionOfZhihu";
			};
			name = Release;
		};
		20DA2A921C29962D00F4E46D /* Debug */ = {
			isa = XCBuildConfiguration;
			buildSettings = {
				INFOPLIST_FILE = SelectionOfZhihuUITests/Info.plist;
				LD_RUNPATH_SEARCH_PATHS = "$(inherited) @executable_path/Frameworks @loader_path/Frameworks";
				PRODUCT_BUNDLE_IDENTIFIER = com.sheepy.SelectionOfZhihuUITests;
				PRODUCT_NAME = "$(TARGET_NAME)";
				TEST_TARGET_NAME = SelectionOfZhihu;
				USES_XCTRUNNER = YES;
			};
			name = Debug;
		};
		20DA2A931C29962D00F4E46D /* Release */ = {
			isa = XCBuildConfiguration;
			buildSettings = {
				INFOPLIST_FILE = SelectionOfZhihuUITests/Info.plist;
				LD_RUNPATH_SEARCH_PATHS = "$(inherited) @executable_path/Frameworks @loader_path/Frameworks";
				PRODUCT_BUNDLE_IDENTIFIER = com.sheepy.SelectionOfZhihuUITests;
				PRODUCT_NAME = "$(TARGET_NAME)";
				TEST_TARGET_NAME = SelectionOfZhihu;
				USES_XCTRUNNER = YES;
			};
			name = Release;
		};
/* End XCBuildConfiguration section */

/* Begin XCConfigurationList section */
		20DA2A5E1C29962C00F4E46D /* Build configuration list for PBXProject "SelectionOfZhihu" */ = {
			isa = XCConfigurationList;
			buildConfigurations = (
				20DA2A891C29962D00F4E46D /* Debug */,
				20DA2A8A1C29962D00F4E46D /* Release */,
			);
			defaultConfigurationIsVisible = 0;
			defaultConfigurationName = Release;
		};
		20DA2A8B1C29962D00F4E46D /* Build configuration list for PBXNativeTarget "SelectionOfZhihu" */ = {
			isa = XCConfigurationList;
			buildConfigurations = (
				20DA2A8C1C29962D00F4E46D /* Debug */,
				20DA2A8D1C29962D00F4E46D /* Release */,
			);
			defaultConfigurationIsVisible = 0;
			defaultConfigurationName = Release;
		};
		20DA2A8E1C29962D00F4E46D /* Build configuration list for PBXNativeTarget "SelectionOfZhihuTests" */ = {
			isa = XCConfigurationList;
			buildConfigurations = (
				20DA2A8F1C29962D00F4E46D /* Debug */,
				20DA2A901C29962D00F4E46D /* Release */,
			);
			defaultConfigurationIsVisible = 0;
			defaultConfigurationName = Release;
		};
		20DA2A911C29962D00F4E46D /* Build configuration list for PBXNativeTarget "SelectionOfZhihuUITests" */ = {
			isa = XCConfigurationList;
			buildConfigurations = (
				20DA2A921C29962D00F4E46D /* Debug */,
				20DA2A931C29962D00F4E46D /* Release */,
			);
			defaultConfigurationIsVisible = 0;
			defaultConfigurationName = Release;
		};
/* End XCConfigurationList section */
	};
	rootObject = 20DA2A5B1C29962C00F4E46D /* Project object */;
}
